<?xml version="1.0" encoding="UTF-8" standalone="yes" ?>
<CodeBlocks_project_file>
	<FileVersion major="1" minor="6" />
	<Project>
		<Option title="SMC_BN" />
		<Option makefile="makefile" />
		<Option pch_mode="2" />
		<Option compiler="gcc" />
		<Build>
			<Target title="Debug">
				<Option output="bin/Debug/SMC_BN" prefix_auto="1" extension_auto="1" />
				<Option object_output="obj/Debug/" />
				<Option type="1" />
				<Option compiler="gcc" />
				<Compiler>
					<Add option="-g" />
				</Compiler>
			</Target>
			<Target title="Release">
				<Option output="bin/Release/SMC_BN" prefix_auto="1" extension_auto="1" />
				<Option object_output="obj/Release/" />
				<Option type="1" />
				<Option compiler="gcc" />
				<Compiler>
					<Add option="-O2" />
				</Compiler>
				<Linker>
					<Add option="-s" />
				</Linker>
			</Target>
		</Build>
		<Compiler>
			<Add option="-Wall" />
		</Compiler>
		<Unit filename="include/bn.h" />
		<Unit filename="include/constraint.h" />
		<Unit filename="include/cpd.h" />
		<Unit filename="include/data.h" />
		<Unit filename="include/edge.h" />
		<Unit filename="include/max.h" />
		<Unit filename="include/node.h" />
		<Unit filename="include/smc.h" />
		<Unit filename="main.cpp" />
		<Unit filename="main.h" />
		<Unit filename="src/bn.cpp" />
		<Unit filename="src/constraint.cpp" />
		<Unit filename="src/cpd.cpp" />
		<Unit filename="src/data.cpp" />
		<Unit filename="src/edge.cpp" />
		<Unit filename="src/max.cpp" />
		<Unit filename="src/node.cpp" />
		<Unit filename="src/smc.cpp" />
		<Extensions>
			<code_completion />
			<debugger />
			<DoxyBlocks>
				<comment_style block="0" line="0" />
				<doxyfile_project />
				<doxyfile_build />
				<doxyfile_warnings />
				<doxyfile_output />
				<doxyfile_dot />
				<general />
			</DoxyBlocks>
			<envvars />
		</Extensions>
	</Project>
</CodeBlocks_project_file>
